
Microsoft Visual Studio Solution File, Format Version 12.00
# Visual Studio Version 17
VisualStudioVersion = 17.7.34003.232
MinimumVisualStudioVersion = 10.0.40219.1
Project("{FAE04EC0-301F-11D3-BF4B-00C04F79EFBC}") = "LOCK", "LOCK\LOCK.csproj", "{9811060D-5EB9-46D2-9135-60594BFF270B}"
EndProject
Global
	GlobalSection(SolutionConfigurationPlatforms) = preSolution
		Debug|Any CPU = Debug|Any CPU
		Release|Any CPU = Release|Any CPU
	EndGlobalSection
	GlobalSection(ProjectConfigurationPlatforms) = postSolution
		{9811060D-5EB9-46D2-9135-60594BFF270B}.Debug|Any CPU.ActiveCfg = Debug|Any CPU
		{9811060D-5EB9-46D2-9135-60594BFF270B}.Debug|Any CPU.Build.0 = Debug|Any CPU
		{9811060D-5EB9-46D2-9135-60594BFF270B}.Release|Any CPU.ActiveCfg = Release|Any CPU
		{9811060D-5EB9-46D2-9135-60594BFF270B}.Release|Any CPU.Build.0 = Release|Any CPU
	EndGlobalSection
	GlobalSection(SolutionProperties) = preSolution
		HideSolutionNode = FALSE
	EndGlobalSection
	GlobalSection(ExtensibilityGlobals) = postSolution
		SolutionGuid = {68D2EB6E-50E2-4140-AAA8-F8A97B41352C}
	EndGlobalSection
EndGlobal
